
Microsoft Visual Studio Solution File, Format Version 11.00
# Visual Studio 2010
Project("{FAE04EC0-301F-11D3-BF4B-00C04F79EFBC}") = "Unity.RenderPipelines.Universal.Runtime", "Unity.RenderPipelines.Universal.Runtime.csproj", "{7a0cc208-5f39-17a7-c22b-cd9662594663}"
EndProject
Project("{FAE04EC0-301F-11D3-BF4B-00C04F79EFBC}") = "Unity.RenderPipelines.Core.Runtime", "Unity.RenderPipelines.Core.Runtime.csproj", "{e2629ed3-80be-ee35-82bb-47e3d2c402f9}"
EndProject
Project("{FAE04EC0-301F-11D3-BF4B-00C04F79EFBC}") = "Unity.RenderPipeline.Universal.ShaderLibrary", "Unity.RenderPipeline.Universal.ShaderLibrary.csproj", "{8ad71e3a-889f-f3d5-ae9f-37d9a6c32143}"
EndProject
Project("{FAE04EC0-301F-11D3-BF4B-00C04F79EFBC}") = "Unity.RenderPipelines.Core.ShaderLibrary", "Unity.RenderPipelines.Core.ShaderLibrary.csproj", "{eb34dfde-3846-e20d-8f0f-6cd46e557f84}"
EndProject
Project("{FAE04EC0-301F-11D3-BF4B-00C04F79EFBC}") = "Unity.RenderPipelines.Universal.Shaders", "Unity.RenderPipelines.Universal.Shaders.csproj", "{b1cdbf79-afec-afcf-9846-58f8f52da15d}"
EndProject
Project("{FAE04EC0-301F-11D3-BF4B-00C04F79EFBC}") = "Assembly-CSharp", "Assembly-CSharp.csproj", "{aab99001-8879-ff1b-95a6-1558360639e3}"
EndProject
Project("{FAE04EC0-301F-11D3-BF4B-00C04F79EFBC}") = "Unity.RenderPipelines.Universal.Editor", "Unity.RenderPipelines.Universal.Editor.csproj", "{9c28c9ca-5aa7-bb8d-4f77-38426dfb281b}"
EndProject
Project("{FAE04EC0-301F-11D3-BF4B-00C04F79EFBC}") = "Unity.RenderPipelines.Core.Editor", "Unity.RenderPipelines.Core.Editor.csproj", "{448226c2-7e82-014e-abe4-9c7b7ecd9daa}"
EndProject
Global
	GlobalSection(SolutionConfigurationPlatforms) = preSolution
		Debug|Any CPU = Debug|Any CPU
		Release|Any CPU = Release|Any CPU
	EndGlobalSection
	GlobalSection(ProjectConfigurationPlatforms) = postSolution
		{7a0cc208-5f39-17a7-c22b-cd9662594663}.Debug|Any CPU.ActiveCfg = Debug|Any CPU
		{7a0cc208-5f39-17a7-c22b-cd9662594663}.Debug|Any CPU.Build.0 = Debug|Any CPU
		{7a0cc208-5f39-17a7-c22b-cd9662594663}.Release|Any CPU.ActiveCfg = Release|Any CPU
		{7a0cc208-5f39-17a7-c22b-cd9662594663}.Release|Any CPU.Build.0 = Release|Any CPU
		{e2629ed3-80be-ee35-82bb-47e3d2c402f9}.Debug|Any CPU.ActiveCfg = Debug|Any CPU
		{e2629ed3-80be-ee35-82bb-47e3d2c402f9}.Debug|Any CPU.Build.0 = Debug|Any CPU
		{e2629ed3-80be-ee35-82bb-47e3d2c402f9}.Release|Any CPU.ActiveCfg = Release|Any CPU
		{e2629ed3-80be-ee35-82bb-47e3d2c402f9}.Release|Any CPU.Build.0 = Release|Any CPU
		{8ad71e3a-889f-f3d5-ae9f-37d9a6c32143}.Debug|Any CPU.ActiveCfg = Debug|Any CPU
		{8ad71e3a-889f-f3d5-ae9f-37d9a6c32143}.Debug|Any CPU.Build.0 = Debug|Any CPU
		{8ad71e3a-889f-f3d5-ae9f-37d9a6c32143}.Release|Any CPU.ActiveCfg = Release|Any CPU
		{8ad71e3a-889f-f3d5-ae9f-37d9a6c32143}.Release|Any CPU.Build.0 = Release|Any CPU
		{eb34dfde-3846-e20d-8f0f-6cd46e557f84}.Debug|Any CPU.ActiveCfg = Debug|Any CPU
		{eb34dfde-3846-e20d-8f0f-6cd46e557f84}.Debug|Any CPU.Build.0 = Debug|Any CPU
		{eb34dfde-3846-e20d-8f0f-6cd46e557f84}.Release|Any CPU.ActiveCfg = Release|Any CPU
		{eb34dfde-3846-e20d-8f0f-6cd46e557f84}.Release|Any CPU.Build.0 = Release|Any CPU
		{b1cdbf79-afec-afcf-9846-58f8f52da15d}.Debug|Any CPU.ActiveCfg = Debug|Any CPU
		{b1cdbf79-afec-afcf-9846-58f8f52da15d}.Debug|Any CPU.Build.0 = Debug|Any CPU
		{b1cdbf79-afec-afcf-9846-58f8f52da15d}.Release|Any CPU.ActiveCfg = Release|Any CPU
		{b1cdbf79-afec-afcf-9846-58f8f52da15d}.Release|Any CPU.Build.0 = Release|Any CPU
		{aab99001-8879-ff1b-95a6-1558360639e3}.Debug|Any CPU.ActiveCfg = Debug|Any CPU
		{aab99001-8879-ff1b-95a6-1558360639e3}.Debug|Any CPU.Build.0 = Debug|Any CPU
		{aab99001-8879-ff1b-95a6-1558360639e3}.Release|Any CPU.ActiveCfg = Release|Any CPU
		{aab99001-8879-ff1b-95a6-1558360639e3}.Release|Any CPU.Build.0 = Release|Any CPU
		{9c28c9ca-5aa7-bb8d-4f77-38426dfb281b}.Debug|Any CPU.ActiveCfg = Debug|Any CPU
		{9c28c9ca-5aa7-bb8d-4f77-38426dfb281b}.Debug|Any CPU.Build.0 = Debug|Any CPU
		{9c28c9ca-5aa7-bb8d-4f77-38426dfb281b}.Release|Any CPU.ActiveCfg = Release|Any CPU
		{9c28c9ca-5aa7-bb8d-4f77-38426dfb281b}.Release|Any CPU.Build.0 = Release|Any CPU
		{448226c2-7e82-014e-abe4-9c7b7ecd9daa}.Debug|Any CPU.ActiveCfg = Debug|Any CPU
		{448226c2-7e82-014e-abe4-9c7b7ecd9daa}.Debug|Any CPU.Build.0 = Debug|Any CPU
		{448226c2-7e82-014e-abe4-9c7b7ecd9daa}.Release|Any CPU.ActiveCfg = Release|Any CPU
		{448226c2-7e82-014e-abe4-9c7b7ecd9daa}.Release|Any CPU.Build.0 = Release|Any CPU
	EndGlobalSection
	GlobalSection(SolutionProperties) = preSolution
		HideSolutionNode = FALSE
	EndGlobalSection
EndGlobal
